Microsoft Visual Studio Solution File, Format Version 11.00
# Visual Studio 2008

Project("{6CF2F208-4804-9C90-F288-3E6F3693C926}") = "subfi.game", "Assembly-CSharp.csproj", "{1AEB483E-8E5D-A404-E8BF-B7D09220C5BC}"
EndProject
Project("{6CF2F208-4804-9C90-F288-3E6F3693C926}") = "subfi.game", "Assembly-CSharp-Editor.csproj", "{E297EEA8-4DAC-8215-2818-93C9FA8C97CB}"
EndProject
Global
	GlobalSection(SolutionConfigurationPlatforms) = preSolution
		Debug|Any CPU = Debug|Any CPU
		Release|Any CPU = Release|Any CPU
	EndGlobalSection
	GlobalSection(ProjectConfigurationPlatforms) = postSolution
		{1AEB483E-8E5D-A404-E8BF-B7D09220C5BC}.Debug|Any CPU.ActiveCfg = Debug|Any CPU
		{1AEB483E-8E5D-A404-E8BF-B7D09220C5BC}.Debug|Any CPU.Build.0 = Debug|Any CPU
		{1AEB483E-8E5D-A404-E8BF-B7D09220C5BC}.Release|Any CPU.ActiveCfg = Release|Any CPU
		{1AEB483E-8E5D-A404-E8BF-B7D09220C5BC}.Release|Any CPU.Build.0 = Release|Any CPU
		{E297EEA8-4DAC-8215-2818-93C9FA8C97CB}.Debug|Any CPU.ActiveCfg = Debug|Any CPU
		{E297EEA8-4DAC-8215-2818-93C9FA8C97CB}.Debug|Any CPU.Build.0 = Debug|Any CPU
		{E297EEA8-4DAC-8215-2818-93C9FA8C97CB}.Release|Any CPU.ActiveCfg = Release|Any CPU
		{E297EEA8-4DAC-8215-2818-93C9FA8C97CB}.Release|Any CPU.Build.0 = Release|Any CPU
	EndGlobalSection
	GlobalSection(SolutionProperties) = preSolution
		HideSolutionNode = FALSE
	EndGlobalSection
	GlobalSection(MonoDevelopProperties) = preSolution
		StartupItem = Assembly-CSharp.csproj
	EndGlobalSection
EndGlobal
