
Microsoft Visual Studio Solution File, Format Version 12.00
# Visual Studio 2015
Project("{FAE04EC0-301F-11D3-BF4B-00C04F79EFBC}") = "subfigame2d", "subfigame2d.csproj", "{1899BF55-D57F-DF81-4DFF-3B6D55C4C2B0}"
EndProject
Project("{FAE04EC0-301F-11D3-BF4B-00C04F79EFBC}") = "subfigame2d.Editor", "subfigame2d.Editor.csproj", "{B210728E-A0F7-C93F-21FE-B747D4FDD3D8}"
EndProject
Global
	GlobalSection(SolutionConfigurationPlatforms) = preSolution
		Debug|Any CPU = Debug|Any CPU
		Release|Any CPU = Release|Any CPU
	EndGlobalSection
	GlobalSection(ProjectConfigurationPlatforms) = postSolution
		{1899BF55-D57F-DF81-4DFF-3B6D55C4C2B0}.Debug|Any CPU.ActiveCfg = Debug|Any CPU
		{1899BF55-D57F-DF81-4DFF-3B6D55C4C2B0}.Debug|Any CPU.Build.0 = Debug|Any CPU
		{1899BF55-D57F-DF81-4DFF-3B6D55C4C2B0}.Release|Any CPU.ActiveCfg = Release|Any CPU
		{1899BF55-D57F-DF81-4DFF-3B6D55C4C2B0}.Release|Any CPU.Build.0 = Release|Any CPU
		{B210728E-A0F7-C93F-21FE-B747D4FDD3D8}.Debug|Any CPU.ActiveCfg = Debug|Any CPU
		{B210728E-A0F7-C93F-21FE-B747D4FDD3D8}.Debug|Any CPU.Build.0 = Debug|Any CPU
		{B210728E-A0F7-C93F-21FE-B747D4FDD3D8}.Release|Any CPU.ActiveCfg = Release|Any CPU
		{B210728E-A0F7-C93F-21FE-B747D4FDD3D8}.Release|Any CPU.Build.0 = Release|Any CPU
	EndGlobalSection
	GlobalSection(SolutionProperties) = preSolution
		HideSolutionNode = FALSE
	EndGlobalSection
EndGlobal
